
Microsoft Visual Studio Solution File, Format Version 12.00
# Visual Studio Version 16
VisualStudioVersion = 16.0.809.3
MinimumVisualStudioVersion = 10.0.40219.1
Project("{FAE04EC0-301F-11D3-BF4B-00C04F79EFBC}") = "CodeTDD", "CodeTDD\CodeTDD.csproj", "{51C8F7BC-249C-4262-9E2B-729AC57EE931}"
EndProject
Global
	GlobalSection(SolutionConfigurationPlatforms) = preSolution
		Debug|Any CPU = Debug|Any CPU
		Release|Any CPU = Release|Any CPU
	EndGlobalSection
	GlobalSection(ProjectConfigurationPlatforms) = postSolution
		{51C8F7BC-249C-4262-9E2B-729AC57EE931}.Debug|Any CPU.ActiveCfg = Debug|Any CPU
		{51C8F7BC-249C-4262-9E2B-729AC57EE931}.Debug|Any CPU.Build.0 = Debug|Any CPU
		{51C8F7BC-249C-4262-9E2B-729AC57EE931}.Release|Any CPU.ActiveCfg = Release|Any CPU
		{51C8F7BC-249C-4262-9E2B-729AC57EE931}.Release|Any CPU.Build.0 = Release|Any CPU
	EndGlobalSection
	GlobalSection(SolutionProperties) = preSolution
		HideSolutionNode = FALSE
	EndGlobalSection
	GlobalSection(ExtensibilityGlobals) = postSolution
		SolutionGuid = {D669D15C-74D4-4D40-9077-B56DF5E26351}
	EndGlobalSection
EndGlobal
